
Microsoft Visual Studio Solution File, Format Version 12.00
# Visual Studio Version 16
VisualStudioVersion = 16.0.30114.105
MinimumVisualStudioVersion = 10.0.40219.1
Project("{9A19103F-16F7-4668-BE54-9A1E7A4F7556}") = "LuxaforSharp", "LuxaforSharp\LuxaforSharp.csproj", "{35431548-1D25-4000-816B-FAFA82DF2EE9}"
EndProject
Project("{9A19103F-16F7-4668-BE54-9A1E7A4F7556}") = "LuxaforSharp.Tests", "LuxaforSharp.Tests\LuxaforSharp.Tests.csproj", "{C49ED795-9F63-499A-A9D0-C9F2F0A0FB33}"
EndProject
Global
	GlobalSection(SolutionConfigurationPlatforms) = preSolution
		Debug|Any CPU = Debug|Any CPU
		Release|Any CPU = Release|Any CPU
	EndGlobalSection
	GlobalSection(ProjectConfigurationPlatforms) = postSolution
		{35431548-1D25-4000-816B-FAFA82DF2EE9}.Debug|Any CPU.ActiveCfg = Debug|Any CPU
		{35431548-1D25-4000-816B-FAFA82DF2EE9}.Debug|Any CPU.Build.0 = Debug|Any CPU
		{35431548-1D25-4000-816B-FAFA82DF2EE9}.Release|Any CPU.ActiveCfg = Release|Any CPU
		{35431548-1D25-4000-816B-FAFA82DF2EE9}.Release|Any CPU.Build.0 = Release|Any CPU
		{C49ED795-9F63-499A-A9D0-C9F2F0A0FB33}.Debug|Any CPU.ActiveCfg = Debug|Any CPU
		{C49ED795-9F63-499A-A9D0-C9F2F0A0FB33}.Debug|Any CPU.Build.0 = Debug|Any CPU
		{C49ED795-9F63-499A-A9D0-C9F2F0A0FB33}.Release|Any CPU.ActiveCfg = Release|Any CPU
		{C49ED795-9F63-499A-A9D0-C9F2F0A0FB33}.Release|Any CPU.Build.0 = Release|Any CPU
	EndGlobalSection
	GlobalSection(SolutionProperties) = preSolution
		HideSolutionNode = FALSE
	EndGlobalSection
	GlobalSection(ExtensibilityGlobals) = postSolution
		SolutionGuid = {F7334AC5-0D2C-402F-9257-A045A174ED92}
	EndGlobalSection
EndGlobal
